
Microsoft Visual Studio Solution File, Format Version 12.00
# Visual Studio Version 17
VisualStudioVersion = 17.2.32630.192
MinimumVisualStudioVersion = 10.0.40219.1
Project("{8BC9CEB8-8B4A-11D0-8D11-00A0C91BC942}") = "915b", "915b\915b.vcxproj", "{62CA6E46-0565-49E9-ACB9-6965DFEA12FB}"
EndProject
Global
	GlobalSection(SolutionConfigurationPlatforms) = preSolution
		Debug|x64 = Debug|x64
		Debug|x86 = Debug|x86
		Release|x64 = Release|x64
		Release|x86 = Release|x86
	EndGlobalSection
	GlobalSection(ProjectConfigurationPlatforms) = postSolution
		{62CA6E46-0565-49E9-ACB9-6965DFEA12FB}.Debug|x64.ActiveCfg = Debug|x64
		{62CA6E46-0565-49E9-ACB9-6965DFEA12FB}.Debug|x64.Build.0 = Debug|x64
		{62CA6E46-0565-49E9-ACB9-6965DFEA12FB}.Debug|x86.ActiveCfg = Debug|Win32
		{62CA6E46-0565-49E9-ACB9-6965DFEA12FB}.Debug|x86.Build.0 = Debug|Win32
		{62CA6E46-0565-49E9-ACB9-6965DFEA12FB}.Release|x64.ActiveCfg = Release|x64
		{62CA6E46-0565-49E9-ACB9-6965DFEA12FB}.Release|x64.Build.0 = Release|x64
		{62CA6E46-0565-49E9-ACB9-6965DFEA12FB}.Release|x86.ActiveCfg = Release|Win32
		{62CA6E46-0565-49E9-ACB9-6965DFEA12FB}.Release|x86.Build.0 = Release|Win32
	EndGlobalSection
	GlobalSection(SolutionProperties) = preSolution
		HideSolutionNode = FALSE
	EndGlobalSection
	GlobalSection(ExtensibilityGlobals) = postSolution
		SolutionGuid = {782EE158-8781-4177-9EC3-F357EC33B53A}
	EndGlobalSection
EndGlobal
